
Microsoft Visual Studio Solution File, Format Version 12.00
# Visual Studio Version 17
VisualStudioVersion = 17.3.32825.248
MinimumVisualStudioVersion = 10.0.40219.1
Project("{9A19103F-16F7-4668-BE54-9A1E7A4F7556}") = "KungfuWpf", "KungfuWpf\KungfuWpf.csproj", "{799EE1C7-DF15-4B7D-A91B-63930473DF9C}"
EndProject
Project("{FAE04EC0-301F-11D3-BF4B-00C04F79EFBC}") = "KungfuWpfExamples", "KungfuWpfExamples\KungfuWpfExamples.csproj", "{C167C837-3CB2-403C-AA1F-0F65C00C5F15}"
EndProject
Project("{FAE04EC0-301F-11D3-BF4B-00C04F79EFBC}") = "KungfuWpf.Shared", "KungfuWpf.Shared\KungfuWpf.Shared.csproj", "{2C019E30-F84A-460A-B38B-E8C31EE97E17}"
EndProject
Global
	GlobalSection(SolutionConfigurationPlatforms) = preSolution
		Debug|Any CPU = Debug|Any CPU
		Release|Any CPU = Release|Any CPU
	EndGlobalSection
	GlobalSection(ProjectConfigurationPlatforms) = postSolution
		{799EE1C7-DF15-4B7D-A91B-63930473DF9C}.Debug|Any CPU.ActiveCfg = Debug|Any CPU
		{799EE1C7-DF15-4B7D-A91B-63930473DF9C}.Debug|Any CPU.Build.0 = Debug|Any CPU
		{799EE1C7-DF15-4B7D-A91B-63930473DF9C}.Release|Any CPU.ActiveCfg = Release|Any CPU
		{799EE1C7-DF15-4B7D-A91B-63930473DF9C}.Release|Any CPU.Build.0 = Release|Any CPU
		{C167C837-3CB2-403C-AA1F-0F65C00C5F15}.Debug|Any CPU.ActiveCfg = Debug|Any CPU
		{C167C837-3CB2-403C-AA1F-0F65C00C5F15}.Debug|Any CPU.Build.0 = Debug|Any CPU
		{C167C837-3CB2-403C-AA1F-0F65C00C5F15}.Release|Any CPU.ActiveCfg = Release|Any CPU
		{C167C837-3CB2-403C-AA1F-0F65C00C5F15}.Release|Any CPU.Build.0 = Release|Any CPU
		{2C019E30-F84A-460A-B38B-E8C31EE97E17}.Debug|Any CPU.ActiveCfg = Debug|Any CPU
		{2C019E30-F84A-460A-B38B-E8C31EE97E17}.Debug|Any CPU.Build.0 = Debug|Any CPU
		{2C019E30-F84A-460A-B38B-E8C31EE97E17}.Release|Any CPU.ActiveCfg = Release|Any CPU
		{2C019E30-F84A-460A-B38B-E8C31EE97E17}.Release|Any CPU.Build.0 = Release|Any CPU
	EndGlobalSection
	GlobalSection(SolutionProperties) = preSolution
		HideSolutionNode = FALSE
	EndGlobalSection
	GlobalSection(ExtensibilityGlobals) = postSolution
		SolutionGuid = {4343C36E-E18D-4EDE-AF35-8A8537E5930C}
	EndGlobalSection
EndGlobal
